
Microsoft Visual Studio Solution File, Format Version 12.00
# Visual Studio Version 16
VisualStudioVersion = 16.0.29613.14
MinimumVisualStudioVersion = 10.0.40219.1
Project("{8BC9CEB8-8B4A-11D0-8D11-00A0C91BC942}") = "ConsoleChess", "ConsoleChess\ConsoleChess.vcxproj", "{808FC320-8D73-4DB9-9697-E936E2237DD8}"
EndProject
Project("{8BC9CEB8-8B4A-11D0-8D11-00A0C91BC942}") = "ConsoleChessTests", "ConsoleChessTests\ConsoleChessTests.vcxproj", "{CCC9B434-9E0E-459F-B87F-1BC1935DAC5B}"
EndProject
Project("{8BC9CEB8-8B4A-11D0-8D11-00A0C91BC942}") = "ConsoleChessGame", "ConsoleChessGame\ConsoleChessGame.vcxproj", "{EDF8F798-203C-4946-8A63-5CEF717D264C}"
EndProject
Global
	GlobalSection(SolutionConfigurationPlatforms) = preSolution
		Debug|x64 = Debug|x64
		Debug|x86 = Debug|x86
		Release|x64 = Release|x64
		Release|x86 = Release|x86
	EndGlobalSection
	GlobalSection(ProjectConfigurationPlatforms) = postSolution
		{808FC320-8D73-4DB9-9697-E936E2237DD8}.Debug|x64.ActiveCfg = Debug|x64
		{808FC320-8D73-4DB9-9697-E936E2237DD8}.Debug|x64.Build.0 = Debug|x64
		{808FC320-8D73-4DB9-9697-E936E2237DD8}.Debug|x86.ActiveCfg = Debug|Win32
		{808FC320-8D73-4DB9-9697-E936E2237DD8}.Debug|x86.Build.0 = Debug|Win32
		{808FC320-8D73-4DB9-9697-E936E2237DD8}.Release|x64.ActiveCfg = Release|x64
		{808FC320-8D73-4DB9-9697-E936E2237DD8}.Release|x64.Build.0 = Release|x64
		{808FC320-8D73-4DB9-9697-E936E2237DD8}.Release|x86.ActiveCfg = Release|Win32
		{808FC320-8D73-4DB9-9697-E936E2237DD8}.Release|x86.Build.0 = Release|Win32
		{CCC9B434-9E0E-459F-B87F-1BC1935DAC5B}.Debug|x64.ActiveCfg = Debug|x64
		{CCC9B434-9E0E-459F-B87F-1BC1935DAC5B}.Debug|x64.Build.0 = Debug|x64
		{CCC9B434-9E0E-459F-B87F-1BC1935DAC5B}.Debug|x86.ActiveCfg = Debug|Win32
		{CCC9B434-9E0E-459F-B87F-1BC1935DAC5B}.Debug|x86.Build.0 = Debug|Win32
		{CCC9B434-9E0E-459F-B87F-1BC1935DAC5B}.Release|x64.ActiveCfg = Release|x64
		{CCC9B434-9E0E-459F-B87F-1BC1935DAC5B}.Release|x64.Build.0 = Release|x64
		{CCC9B434-9E0E-459F-B87F-1BC1935DAC5B}.Release|x86.ActiveCfg = Release|Win32
		{CCC9B434-9E0E-459F-B87F-1BC1935DAC5B}.Release|x86.Build.0 = Release|Win32
		{EDF8F798-203C-4946-8A63-5CEF717D264C}.Debug|x64.ActiveCfg = Debug|x64
		{EDF8F798-203C-4946-8A63-5CEF717D264C}.Debug|x64.Build.0 = Debug|x64
		{EDF8F798-203C-4946-8A63-5CEF717D264C}.Debug|x86.ActiveCfg = Debug|Win32
		{EDF8F798-203C-4946-8A63-5CEF717D264C}.Debug|x86.Build.0 = Debug|Win32
		{EDF8F798-203C-4946-8A63-5CEF717D264C}.Release|x64.ActiveCfg = Release|x64
		{EDF8F798-203C-4946-8A63-5CEF717D264C}.Release|x64.Build.0 = Release|x64
		{EDF8F798-203C-4946-8A63-5CEF717D264C}.Release|x86.ActiveCfg = Release|Win32
		{EDF8F798-203C-4946-8A63-5CEF717D264C}.Release|x86.Build.0 = Release|Win32
	EndGlobalSection
	GlobalSection(SolutionProperties) = preSolution
		HideSolutionNode = FALSE
	EndGlobalSection
	GlobalSection(ExtensibilityGlobals) = postSolution
		SolutionGuid = {281494F8-7765-41E4-A97B-3733586463C2}
	EndGlobalSection
EndGlobal
